
Microsoft Visual Studio Solution File, Format Version 12.00
# Visual Studio 14

Project("{E24C65DC-7377-472B-9ABA-BC803B73C61A}") = "TsCustomerPortal - Copy", "WebSite\", "4A4AAB5A-8D21-4066-8598-17DAD01A3E2F"
EndProject
Project("{2150E333-8FDC-42A3-9474-1A3956D46DE8}") = "Code On Time Items", "Code On Time Items", "{7F72D6FA-566C-43D3-B929-FACA395B0918}"
	ProjectSection(SolutionItems) = preProject
		ClientLibrary.en-GB.txt = ClientLibrary.en-GB.txt
		ClientLibrary.en-NZ.txt = ClientLibrary.en-NZ.txt
		DataAquarium.Project.xml = DataAquarium.Project.xml
		DataAquarium.Version.xml = DataAquarium.Version.xml
		Sync.HSSSURFACEBOOK-patri.xml = Sync.HSSSURFACEBOOK-patri.xml
		Sync.TSDEV01-nhan.xml = Sync.TSDEV01-nhan.xml
	EndProjectSection
EndProject
